<?xml version="1.0" encoding="utf-8"?>
<Project ToolsVersion="4.0" xmlns="http://schemas.microsoft.com/developer/msbuild/2003">
  <ItemGroup>
    <Filter Include="Framework">
      <UniqueIdentifier>{4FC737F1-C7A5-4376-A066-2A32D752A2FF}</UniqueIdentifier>
      <Extensions>cpp;c;cc;cxx;c++;cppm;ixx;def;odl;idl;hpj;bat;asm;asmx</Extensions>
    </Filter>
    <Filter Include="Gameplay">
      <UniqueIdentifier>{776b4d4d-be26-454f-9694-f0e8cc153440}</UniqueIdentifier>
    </Filter>
    <Filter Include="Definitions">
      <UniqueIdentifier>{883a8384-44f1-49a7-a140-b06e7bee44cb}</UniqueIdentifier>
    </Filter>
    <Filter Include="Data">
      <UniqueIdentifier>{d1bd0a37-f57f-40df-ba76-334745e94c70}</UniqueIdentifier>
    </Filter>
  </ItemGroup>
  <ItemGroup>
    <ClCompile Include="Main_Windows.cpp">
      <Filter>Framework</Filter>
    </ClCompile>
    <ClCompile Include="App.cpp">
      <Filter>Framework</Filter>
    </ClCompile>
    <ClCompile Include="GameCommon.cpp">
      <Filter>Framework</Filter>
    </ClCompile>
    <ClCompile Include="Game.cpp">
      <Filter>Gameplay</Filter>
    </ClCompile>
    <ClCompile Include="Bloon.cpp">
      <Filter>Gameplay</Filter>
    </ClCompile>
    <ClCompile Include="Tower.cpp">
      <Filter>Gameplay</Filter>
    </ClCompile>
    <ClCompile Include="Projectile.cpp">
      <Filter>Gameplay</Filter>
    </ClCompile>
    <ClCompile Include="BloonDefinition.cpp">
      <Filter>Definitions</Filter>
    </ClCompile>
    <ClCompile Include="TowerDefinition.cpp">
      <Filter>Definitions</Filter>
    </ClCompile>
    <ClCompile Include="ProjectileDefinition.cpp">
      <Filter>Definitions</Filter>
    </ClCompile>
    <ClCompile Include="MapDefinition.cpp">
      <Filter>Definitions</Filter>
    </ClCompile>
    <ClCompile Include="Map.cpp">
      <Filter>Gameplay</Filter>
    </ClCompile>
    <ClCompile Include="RoundDefinition.cpp">
      <Filter>Definitions</Filter>
    </ClCompile>
  </ItemGroup>
  <ItemGroup>
    <ClInclude Include="App.hpp">
      <Filter>Framework</Filter>
    </ClInclude>
    <ClInclude Include="GameCommon.hpp">
      <Filter>Framework</Filter>
    </ClInclude>
    <ClInclude Include="Game.hpp">
      <Filter>Gameplay</Filter>
    </ClInclude>
    <ClInclude Include="EngineBuildPreferences.hpp">
      <Filter>Framework</Filter>
    </ClInclude>
    <ClInclude Include="Bloon.hpp">
      <Filter>Gameplay</Filter>
    </ClInclude>
    <ClInclude Include="Tower.hpp">
      <Filter>Gameplay</Filter>
    </ClInclude>
    <ClInclude Include="Projectile.hpp">
      <Filter>Gameplay</Filter>
    </ClInclude>
    <ClInclude Include="BloonDefinition.hpp">
      <Filter>Definitions</Filter>
    </ClInclude>
    <ClInclude Include="TowerDefinition.hpp">
      <Filter>Definitions</Filter>
    </ClInclude>
    <ClInclude Include="ProjectileDefinition.hpp">
      <Filter>Definitions</Filter>
    </ClInclude>
    <ClInclude Include="DamageTypes.hpp">
      <Filter>Gameplay</Filter>
    </ClInclude>
    <ClInclude Include="MapDefinition.hpp">
      <Filter>Definitions</Filter>
    </ClInclude>
    <ClInclude Include="Map.hpp">
      <Filter>Gameplay</Filter>
    </ClInclude>
    <ClInclude Include="RoundDefinition.hpp">
      <Filter>Definitions</Filter>
    </ClInclude>
  </ItemGroup>
  <ItemGroup>
    <Xml Include="..\..\Run\Data\Definitions\BloonDefinitions.xml">
      <Filter>Data</Filter>
    </Xml>
    <Xml Include="..\..\Run\Data\Definitions\TowerDefinitions.xml">
      <Filter>Data</Filter>
    </Xml>
    <Xml Include="..\..\Run\Data\Definitions\ProjectileDefinitions.xml">
      <Filter>Data</Filter>
    </Xml>
    <Xml Include="..\..\Run\Data\Definitions\MapDefinitions.xml">
      <Filter>Data</Filter>
    </Xml>
    <Xml Include="..\..\Run\Data\Definitions\RoundDefinitions.xml">
      <Filter>Data</Filter>
    </Xml>
  </ItemGroup>
</Project>